{
  "lockfile_version": "1",
  "packages": {
    "lefthook@latest": {
      "last_modified": "2026-02-13T23:34:13Z",
      "resolved": "github:NixOS/nixpkgs/7d2ae6d8b8b697b5114a4249d0d958ee5f23d8fe#lefthook",
      "source": "devbox-search",
      "version": "2.1.1",
      "systems": {
        "aarch64-darwin": {
          "outputs": [
            {
              "name": "out",
              "path": "/nix/store/x3yxyy5lbkhvdshbnsx6g8wqjmk4r92z-lefthook-2.1.1",
              "default": true
            }
          ],
          "store_path": "/nix/store/x3yxyy5lbkhvdshbnsx6g8wqjmk4r92z-lefthook-2.1.1"
        },
        "aarch64-linux": {
          "outputs": [
            {
              "name": "out",
              "path": "/nix/store/5qy8mqg5irc1dbjnm1r3zv1sr5adf6r3-lefthook-2.1.1",
              "default": true
            }
          ],
          "store_path": "/nix/store/5qy8mqg5irc1dbjnm1r3zv1sr5adf6r3-lefthook-2.1.1"
        },
        "x86_64-darwin": {
          "outputs": [
            {
              "name": "out",
              "path": "/nix/store/wrc2jm3f47ssjbx1bqzsr0zyiknx4j06-lefthook-2.1.1",
              "default": true
            }
          ],
          "store_path": "/nix/store/wrc2jm3f47ssjbx1bqzsr0zyiknx4j06-lefthook-2.1.1"
        },
        "x86_64-linux": {
          "outputs": [
            {
              "name": "out",
              "path": "/nix/store/94cy3md10wmzqi8zjgmbq8bbw1aii8fv-lefthook-2.1.1",
              "default": true
            }
          ],
          "store_path": "/nix/store/94cy3md10wmzqi8zjgmbq8bbw1aii8fv-lefthook-2.1.1"
        }
      }
    },
    "python312@latest": {
      "last_modified": "2025-11-23T21:50:36Z",
      "plugin_version": "0.0.3",
      "resolved": "github:NixOS/nixpkgs/ee09932cedcef15aaf476f9343d1dea2cb77e261#python312",
      "source": "devbox-search",
      "version": "3.12.12",
      "systems": {
        "aarch64-darwin": {
          "outputs": [
            {
              "name": "out",
              "path": "/nix/store/nrk1773m026hlgkk7vlpvc2s6zlwf1rh-python3-3.12.12",
              "default": true
            }
          ],
          "store_path": "/nix/store/nrk1773m026hlgkk7vlpvc2s6zlwf1rh-python3-3.12.12"
        },
        "aarch64-linux": {
          "outputs": [
            {
              "name": "out",
              "path": "/nix/store/yyns9w3mfdxn5jwqa3lbp461wq9nl5p7-python3-3.12.12",
              "default": true
            },
            {
              "name": "debug",
              "path": "/nix/store/b26kb9x8r02z43r0jjkj08rc5g1vf6ig-python3-3.12.12-debug"
            }
          ],
          "store_path": "/nix/store/yyns9w3mfdxn5jwqa3lbp461wq9nl5p7-python3-3.12.12"
        },
        "x86_64-darwin": {
          "outputs": [
            {
              "name": "out",
              "path": "/nix/store/978h7w9sbz3f6qi6ra4pp6prqflgqyqq-python3-3.12.12",
              "default": true
            }
          ],
          "store_path": "/nix/store/978h7w9sbz3f6qi6ra4pp6prqflgqyqq-python3-3.12.12"
        },
        "x86_64-linux": {
          "outputs": [
            {
              "name": "out",
              "path": "/nix/store/fdibxyh7xcmqrc172y78awzhxs292gq1-python3-3.12.12",
              "default": true
            },
            {
              "name": "debug",
              "path": "/nix/store/y2128xkl79k97arhvrsq2p2rmr0dim75-python3-3.12.12-debug"
            }
          ],
          "store_path": "/nix/store/fdibxyh7xcmqrc172y78awzhxs292gq1-python3-3.12.12"
        }
      }
    },
    "uv@latest": {
      "last_modified": "2026-02-11T12:16:34Z",
      "resolved": "github:NixOS/nixpkgs/8482c7ded03bae7550f3d69884f1e611e3bd19e8#uv",
      "source": "devbox-search",
      "version": "0.10.2",
      "systems": {
        "aarch64-darwin": {
          "outputs": [
            {
              "name": "out",
              "path": "/nix/store/3vhsffs1rr2vn84f41z8vm3lmya12ig3-uv-0.10.2",
              "default": true
            }
          ],
          "store_path": "/nix/store/3vhsffs1rr2vn84f41z8vm3lmya12ig3-uv-0.10.2"
        },
        "aarch64-linux": {
          "outputs": [
            {
              "name": "out",
              "path": "/nix/store/f7nhvja5sbfcgjcfpwd4zmdzl7f5m2h2-uv-0.10.2",
              "default": true
            }
          ],
          "store_path": "/nix/store/f7nhvja5sbfcgjcfpwd4zmdzl7f5m2h2-uv-0.10.2"
        },
        "x86_64-darwin": {
          "outputs": [
            {
              "name": "out",
              "path": "/nix/store/l4skdwvihbzynnihi5l44c38xcw3xaxh-uv-0.10.2",
              "default": true
            }
          ],
          "store_path": "/nix/store/l4skdwvihbzynnihi5l44c38xcw3xaxh-uv-0.10.2"
        },
        "x86_64-linux": {
          "outputs": [
            {
              "name": "out",
              "path": "/nix/store/ksi4jmfapiqnk1lclzlf2hrdj6s1rzjs-uv-0.10.2",
              "default": true
            }
          ],
          "store_path": "/nix/store/ksi4jmfapiqnk1lclzlf2hrdj6s1rzjs-uv-0.10.2"
        }
      }
    }
  }
}
